# THIS IS AN AUTOGENERATED FILE. DO NOT EDIT THIS FILE DIRECTLY.
# yarn lockfile v1


avj@^0.0.0:
  version "0.0.0"
  resolved "https://registry.npmjs.org/avj/-/avj-0.0.0.tgz#0dd9bde772e84eb16f5a8bffb7ba2924be5b5e03"
  integrity sha512-uYMMuRd+Ux8xH8L1NnAMy+aTsV+UBgQbS3ckRi3ERZWwq5eyXC5D3lC+8w/ZEjHhNpgUUCu61zJktMS8wse+Mg==

lodash@^4.17.21:
  version "4.17.21"
  resolved "https://registry.npmjs.org/lodash/-/lodash-4.17.21.tgz#679591c564c3bffaae8454cf0b3df370c3d6911c"
  integrity sha512-v2kDEe57lecTulaDIuNTPy3Ry4gLGJ6Z1O3vE1krgXZNrsQ+LFTGHVxVjcXPs17LhbZVGedAJv8XZ1tvj5FvSg==

mobx-state-tree@^5.1.6:
  version "5.1.6"
  resolved "https://registry.npmjs.org/mobx-state-tree/-/mobx-state-tree-5.1.6.tgz#b4c444d1c385ae736440739a93c8e6e1169eecee"
  integrity sha512-t4YNI3taTvDTMCyjA/bmX90HpPUMJEHX1OvyJqbfR6iOIWkJk+JbWc1aozIZxh2M5VA8xtHGnzu/2YGzSPUpJQ==

mobx@^6.6.2:
  version "6.6.2"
  resolved "https://registry.npmjs.org/mobx/-/mobx-6.6.2.tgz#9d9102a0e337e3fc09cb2d8ca0c6f00b61270d5a"
  integrity sha512-IOpS0bf3+hXIhDIy+CmlNMBfFpAbHS0aVHcNC+xH/TFYEKIIVDKNYRh9eKlXuVfJ1iRKAp0cRVmO145CyJAMVQ==
